// !$*UTF8*$!
{
	archiveVersion = 1;
	classes = {
	};
	objectVersion = 46;
	objects = {

/* Begin PBXBuildFile section */
		05B0264D1AB4E17500F6BF2B /* XcodePostFacto.xcplugindata in Resources */ = {isa = PBXBuildFile; fileRef = 05B0264C1AB4E17500F6BF2B /* XcodePostFacto.xcplugindata */; };
		05B026501AB4E1D000F6BF2B /* XPFDebugMenu.m in Sources */ = {isa = PBXBuildFile; fileRef = 05B0264F1AB4E1D000F6BF2B /* XPFDebugMenu.m */; };
		05B026BA1AB4F64F00F6BF2B /* PLPatchMaster.framework in Copy Files */ = {isa = PBXBuildFile; fileRef = 05B026A51AB4EA7B00F6BF2B /* PLPatchMaster.framework */; settings = {ATTRIBUTES = (CodeSignOnCopy, RemoveHeadersOnCopy, ); }; };
		05B026BB1AB4F65300F6BF2B /* PLPatchMaster.framework in Frameworks */ = {isa = PBXBuildFile; fileRef = 05B026A51AB4EA7B00F6BF2B /* PLPatchMaster.framework */; };
		05B026BE1AB4F68300F6BF2B /* XcodePostFacto.m in Sources */ = {isa = PBXBuildFile; fileRef = 05B026BD1AB4F68300F6BF2B /* XcodePostFacto.m */; };
		05C258AE1AB8202F007DD20C /* XcodePostFacto.ideplugin in CopyFiles */ = {isa = PBXBuildFile; fileRef = 05B026421AB4E14C00F6BF2B /* XcodePostFacto.ideplugin */; settings = {ATTRIBUTES = (CodeSignOnCopy, RemoveHeadersOnCopy, ); }; };
		05C258B31AB8A667007DD20C /* cfbundle_rebind.cpp in Sources */ = {isa = PBXBuildFile; fileRef = 05C258B11AB8A667007DD20C /* cfbundle_rebind.cpp */; };
		05C258B41AB8A667007DD20C /* cfbundle_rebind.h in Headers */ = {isa = PBXBuildFile; fileRef = 05C258B21AB8A667007DD20C /* cfbundle_rebind.h */; };
		05CD7F911ABA849400169305 /* XPFViewController.m in Sources */ = {isa = PBXBuildFile; fileRef = 05CD7F901ABA849400169305 /* XPFViewController.m */; };
		05EEA0BC1AB7B3A6000C8B89 /* xpf_bootstrap.mm in Sources */ = {isa = PBXBuildFile; fileRef = 05EEA0851AB7AA21000C8B89 /* xpf_bootstrap.mm */; };
		05EEA0BD1AB7B3B3000C8B89 /* PLPatchMaster.framework in Frameworks */ = {isa = PBXBuildFile; fileRef = 05B026A51AB4EA7B00F6BF2B /* PLPatchMaster.framework */; };
		05EEA0BF1AB7B3C3000C8B89 /* PLPatchMaster.framework in CopyFiles */ = {isa = PBXBuildFile; fileRef = 05B026A51AB4EA7B00F6BF2B /* PLPatchMaster.framework */; settings = {ATTRIBUTES = (CodeSignOnCopy, RemoveHeadersOnCopy, ); }; };
		05EEA0C41AB7BFEC000C8B89 /* dyld_priv.h in Headers */ = {isa = PBXBuildFile; fileRef = 05EEA0C31AB7BFEC000C8B89 /* dyld_priv.h */; };
		05EEA0D21AB7EBEB000C8B89 /* rebind_table.cpp in Sources */ = {isa = PBXBuildFile; fileRef = 05EEA0D01AB7EBEB000C8B89 /* rebind_table.cpp */; };
		05EEA0D31AB7EBEB000C8B89 /* rebind_table.h in Headers */ = {isa = PBXBuildFile; fileRef = 05EEA0D11AB7EBEB000C8B89 /* rebind_table.h */; };
		05EEA0D61AB7F028000C8B89 /* yosemite_objc_stubs.m in Sources */ = {isa = PBXBuildFile; fileRef = 05EEA0D41AB7F028000C8B89 /* yosemite_objc_stubs.m */; };
		05EEA0D71AB7F028000C8B89 /* yosemite_objc_stubs.h in Headers */ = {isa = PBXBuildFile; fileRef = 05EEA0D51AB7F028000C8B89 /* yosemite_objc_stubs.h */; };
		05EEA0DA1AB80D1C000C8B89 /* NSVisualEffectView.m in Sources */ = {isa = PBXBuildFile; fileRef = 05EEA0D91AB80D1C000C8B89 /* NSVisualEffectView.m */; };
/* End PBXBuildFile section */

/* Begin PBXContainerItemProxy section */
		05EEA0C01AB7B3D5000C8B89 /* PBXContainerItemProxy */ = {
			isa = PBXContainerItemProxy;
			containerPortal = 05B0263A1AB4E14C00F6BF2B /* Project object */;
			proxyType = 1;
			remoteGlobalIDString = 05B026411AB4E14C00F6BF2B;
			remoteInfo = XcodePostFacto;
		};
/* End PBXContainerItemProxy section */

/* Begin PBXCopyFilesBuildPhase section */
		05B026B81AB4EAA600F6BF2B /* Copy Files */ = {
			isa = PBXCopyFilesBuildPhase;
			buildActionMask = 2147483647;
			dstPath = "";
			dstSubfolderSpec = 10;
			files = (
				05B026BA1AB4F64F00F6BF2B /* PLPatchMaster.framework in Copy Files */,
			);
			name = "Copy Files";
			runOnlyForDeploymentPostprocessing = 0;
		};
		05C258AD1AB82013007DD20C /* CopyFiles */ = {
			isa = PBXCopyFilesBuildPhase;
			buildActionMask = 2147483647;
			dstPath = Xcode;
			dstSubfolderSpec = 7;
			files = (
				05C258AE1AB8202F007DD20C /* XcodePostFacto.ideplugin in CopyFiles */,
			);
			runOnlyForDeploymentPostprocessing = 0;
		};
		05EEA0BE1AB7B3BA000C8B89 /* CopyFiles */ = {
			isa = PBXCopyFilesBuildPhase;
			buildActionMask = 2147483647;
			dstPath = "";
			dstSubfolderSpec = 10;
			files = (
				05EEA0BF1AB7B3C3000C8B89 /* PLPatchMaster.framework in CopyFiles */,
			);
			runOnlyForDeploymentPostprocessing = 0;
		};
/* End PBXCopyFilesBuildPhase section */

/* Begin PBXFileReference section */
		05B026421AB4E14C00F6BF2B /* XcodePostFacto.ideplugin */ = {isa = PBXFileReference; explicitFileType = wrapper.cfbundle; includeInIndex = 0; path = XcodePostFacto.ideplugin; sourceTree = BUILT_PRODUCTS_DIR; };
		05B026461AB4E14C00F6BF2B /* Info.plist */ = {isa = PBXFileReference; lastKnownFileType = text.plist.xml; path = Info.plist; sourceTree = "<group>"; };
		05B0264C1AB4E17500F6BF2B /* XcodePostFacto.xcplugindata */ = {isa = PBXFileReference; fileEncoding = 4; lastKnownFileType = text.xml; path = XcodePostFacto.xcplugindata; sourceTree = "<group>"; };
		05B0264E1AB4E1D000F6BF2B /* XPFDebugMenu.h */ = {isa = PBXFileReference; fileEncoding = 4; lastKnownFileType = sourcecode.c.h; path = XPFDebugMenu.h; sourceTree = "<group>"; };
		05B0264F1AB4E1D000F6BF2B /* XPFDebugMenu.m */ = {isa = PBXFileReference; fileEncoding = 4; lastKnownFileType = sourcecode.c.objc; path = XPFDebugMenu.m; sourceTree = "<group>"; };
		05B026511AB4E30B00F6BF2B /* XPFLog.h */ = {isa = PBXFileReference; lastKnownFileType = sourcecode.c.h; path = XPFLog.h; sourceTree = "<group>"; };
		05B026A51AB4EA7B00F6BF2B /* PLPatchMaster.framework */ = {isa = PBXFileReference; lastKnownFileType = wrapper.framework; path = PLPatchMaster.framework; sourceTree = "<group>"; };
		05B026A61AB4EA7B00F6BF2B /* PLPatchMaster.framework.dSYM */ = {isa = PBXFileReference; lastKnownFileType = wrapper.dsym; path = PLPatchMaster.framework.dSYM; sourceTree = "<group>"; };
		05B026A71AB4EA7B00F6BF2B /* README.txt */ = {isa = PBXFileReference; lastKnownFileType = text; path = README.txt; sourceTree = "<group>"; };
		05B026BC1AB4F68300F6BF2B /* XcodePostFacto.h */ = {isa = PBXFileReference; fileEncoding = 4; lastKnownFileType = sourcecode.c.h; path = XcodePostFacto.h; sourceTree = "<group>"; };
		05B026BD1AB4F68300F6BF2B /* XcodePostFacto.m */ = {isa = PBXFileReference; fileEncoding = 4; lastKnownFileType = sourcecode.c.objc; path = XcodePostFacto.m; sourceTree = "<group>"; };
		05C258AF1AB89EED007DD20C /* DVTPlugInManager.h */ = {isa = PBXFileReference; lastKnownFileType = sourcecode.c.h; path = DVTPlugInManager.h; sourceTree = "<group>"; };
		05C258B11AB8A667007DD20C /* cfbundle_rebind.cpp */ = {isa = PBXFileReference; fileEncoding = 4; lastKnownFileType = sourcecode.cpp.cpp; path = cfbundle_rebind.cpp; sourceTree = "<group>"; };
		05C258B21AB8A667007DD20C /* cfbundle_rebind.h */ = {isa = PBXFileReference; fileEncoding = 4; lastKnownFileType = sourcecode.c.h; path = cfbundle_rebind.h; sourceTree = "<group>"; };
		05CD7F901ABA849400169305 /* XPFViewController.m */ = {isa = PBXFileReference; fileEncoding = 4; lastKnownFileType = sourcecode.c.objc; path = XPFViewController.m; sourceTree = "<group>"; };
		05EEA0831AB7AA21000C8B89 /* xpf_bootstrap.h */ = {isa = PBXFileReference; lastKnownFileType = sourcecode.c.h; path = xpf_bootstrap.h; sourceTree = "<group>"; };
		05EEA0851AB7AA21000C8B89 /* xpf_bootstrap.mm */ = {isa = PBXFileReference; lastKnownFileType = sourcecode.cpp.objcpp; path = xpf_bootstrap.mm; sourceTree = "<group>"; };
		05EEA08B1AB7AA22000C8B89 /* xpf-bootstrapTests.xctest */ = {isa = PBXFileReference; explicitFileType = wrapper.cfbundle; includeInIndex = 0; path = "xpf-bootstrapTests.xctest"; sourceTree = BUILT_PRODUCTS_DIR; };
		05EEA0911AB7AA22000C8B89 /* Info.plist */ = {isa = PBXFileReference; lastKnownFileType = text.plist.xml; path = Info.plist; sourceTree = "<group>"; };
		05EEA0A31AB7B354000C8B89 /* xpf-bootstrap.framework */ = {isa = PBXFileReference; explicitFileType = wrapper.framework; includeInIndex = 0; path = "xpf-bootstrap.framework"; sourceTree = BUILT_PRODUCTS_DIR; };
		05EEA0A61AB7B354000C8B89 /* Info.plist */ = {isa = PBXFileReference; lastKnownFileType = text.plist.xml; path = Info.plist; sourceTree = "<group>"; };
		05EEA0C31AB7BFEC000C8B89 /* dyld_priv.h */ = {isa = PBXFileReference; fileEncoding = 4; lastKnownFileType = sourcecode.c.h; path = dyld_priv.h; sourceTree = "<group>"; };
		05EEA0D01AB7EBEB000C8B89 /* rebind_table.cpp */ = {isa = PBXFileReference; fileEncoding = 4; lastKnownFileType = sourcecode.cpp.cpp; path = rebind_table.cpp; sourceTree = "<group>"; };
		05EEA0D11AB7EBEB000C8B89 /* rebind_table.h */ = {isa = PBXFileReference; fileEncoding = 4; lastKnownFileType = sourcecode.c.h; path = rebind_table.h; sourceTree = "<group>"; };
		05EEA0D41AB7F028000C8B89 /* yosemite_objc_stubs.m */ = {isa = PBXFileReference; fileEncoding = 4; lastKnownFileType = sourcecode.c.objc; path = yosemite_objc_stubs.m; sourceTree = "<group>"; };
		05EEA0D51AB7F028000C8B89 /* yosemite_objc_stubs.h */ = {isa = PBXFileReference; fileEncoding = 4; lastKnownFileType = sourcecode.c.h; path = yosemite_objc_stubs.h; sourceTree = "<group>"; };
		05EEA0D91AB80D1C000C8B89 /* NSVisualEffectView.m */ = {isa = PBXFileReference; fileEncoding = 4; lastKnownFileType = sourcecode.c.objc; path = NSVisualEffectView.m; sourceTree = "<group>"; };
/* End PBXFileReference section */

/* Begin PBXFrameworksBuildPhase section */
		05B0263F1AB4E14C00F6BF2B /* Frameworks */ = {
			isa = PBXFrameworksBuildPhase;
			buildActionMask = 2147483647;
			files = (
				05B026BB1AB4F65300F6BF2B /* PLPatchMaster.framework in Frameworks */,
			);
			runOnlyForDeploymentPostprocessing = 0;
		};
		05EEA0881AB7AA22000C8B89 /* Frameworks */ = {
			isa = PBXFrameworksBuildPhase;
			buildActionMask = 2147483647;
			files = (
			);
			runOnlyForDeploymentPostprocessing = 0;
		};
		05EEA09F1AB7B354000C8B89 /* Frameworks */ = {
			isa = PBXFrameworksBuildPhase;
			buildActionMask = 2147483647;
			files = (
				05EEA0BD1AB7B3B3000C8B89 /* PLPatchMaster.framework in Frameworks */,
			);
			runOnlyForDeploymentPostprocessing = 0;
		};
/* End PBXFrameworksBuildPhase section */

/* Begin PBXGroup section */
		05B026391AB4E14C00F6BF2B = {
			isa = PBXGroup;
			children = (
				05B026441AB4E14C00F6BF2B /* XcodePostFacto */,
				05B026521AB4EA7B00F6BF2B /* Dependencies */,
				05EEA0821AB7AA21000C8B89 /* xpf-bootstrap */,
				05EEA08F1AB7AA22000C8B89 /* xpf-bootstrapTests */,
				05B026431AB4E14C00F6BF2B /* Products */,
			);
			sourceTree = "<group>";
		};
		05B026431AB4E14C00F6BF2B /* Products */ = {
			isa = PBXGroup;
			children = (
				05B026421AB4E14C00F6BF2B /* XcodePostFacto.ideplugin */,
				05EEA08B1AB7AA22000C8B89 /* xpf-bootstrapTests.xctest */,
				05EEA0A31AB7B354000C8B89 /* xpf-bootstrap.framework */,
			);
			name = Products;
			sourceTree = "<group>";
		};
		05B026441AB4E14C00F6BF2B /* XcodePostFacto */ = {
			isa = PBXGroup;
			children = (
				05B026BC1AB4F68300F6BF2B /* XcodePostFacto.h */,
				05B026BD1AB4F68300F6BF2B /* XcodePostFacto.m */,
				05B0264E1AB4E1D000F6BF2B /* XPFDebugMenu.h */,
				05B0264F1AB4E1D000F6BF2B /* XPFDebugMenu.m */,
				05B026511AB4E30B00F6BF2B /* XPFLog.h */,
				05CD7F8F1ABA846B00169305 /* Yosemite Compat */,
				05B026451AB4E14C00F6BF2B /* Supporting Files */,
			);
			path = XcodePostFacto;
			sourceTree = "<group>";
		};
		05B026451AB4E14C00F6BF2B /* Supporting Files */ = {
			isa = PBXGroup;
			children = (
				05B0264C1AB4E17500F6BF2B /* XcodePostFacto.xcplugindata */,
				05B026461AB4E14C00F6BF2B /* Info.plist */,
			);
			name = "Supporting Files";
			sourceTree = "<group>";
		};
		05B026521AB4EA7B00F6BF2B /* Dependencies */ = {
			isa = PBXGroup;
			children = (
				05B026A51AB4EA7B00F6BF2B /* PLPatchMaster.framework */,
				05B026A61AB4EA7B00F6BF2B /* PLPatchMaster.framework.dSYM */,
				05B026A71AB4EA7B00F6BF2B /* README.txt */,
			);
			path = Dependencies;
			sourceTree = "<group>";
		};
		05C258B01AB89EF2007DD20C /* Xcode API */ = {
			isa = PBXGroup;
			children = (
				05C258AF1AB89EED007DD20C /* DVTPlugInManager.h */,
			);
			name = "Xcode API";
			sourceTree = "<group>";
		};
		05CD7F8F1ABA846B00169305 /* Yosemite Compat */ = {
			isa = PBXGroup;
			children = (
				05CD7F901ABA849400169305 /* XPFViewController.m */,
			);
			name = "Yosemite Compat";
			sourceTree = "<group>";
		};
		05EEA0821AB7AA21000C8B89 /* xpf-bootstrap */ = {
			isa = PBXGroup;
			children = (
				05EEA0831AB7AA21000C8B89 /* xpf_bootstrap.h */,
				05EEA0851AB7AA21000C8B89 /* xpf_bootstrap.mm */,
				05EEA0D11AB7EBEB000C8B89 /* rebind_table.h */,
				05EEA0D01AB7EBEB000C8B89 /* rebind_table.cpp */,
				05C258B21AB8A667007DD20C /* cfbundle_rebind.h */,
				05C258B11AB8A667007DD20C /* cfbundle_rebind.cpp */,
				05C258B01AB89EF2007DD20C /* Xcode API */,
				05EEA0D81AB80CE9000C8B89 /* Yosemite Bootstrap Compat */,
				05EEA0C31AB7BFEC000C8B89 /* dyld_priv.h */,
				05EEA0A51AB7B354000C8B89 /* Supporting Files */,
			);
			path = "xpf-bootstrap";
			sourceTree = "<group>";
		};
		05EEA08F1AB7AA22000C8B89 /* xpf-bootstrapTests */ = {
			isa = PBXGroup;
			children = (
				05EEA0901AB7AA22000C8B89 /* Supporting Files */,
			);
			path = "xpf-bootstrapTests";
			sourceTree = "<group>";
		};
		05EEA0901AB7AA22000C8B89 /* Supporting Files */ = {
			isa = PBXGroup;
			children = (
				05EEA0911AB7AA22000C8B89 /* Info.plist */,
			);
			name = "Supporting Files";
			sourceTree = "<group>";
		};
		05EEA0A51AB7B354000C8B89 /* Supporting Files */ = {
			isa = PBXGroup;
			children = (
				05EEA0A61AB7B354000C8B89 /* Info.plist */,
			);
			name = "Supporting Files";
			sourceTree = "<group>";
		};
		05EEA0D81AB80CE9000C8B89 /* Yosemite Bootstrap Compat */ = {
			isa = PBXGroup;
			children = (
				05EEA0D51AB7F028000C8B89 /* yosemite_objc_stubs.h */,
				05EEA0D41AB7F028000C8B89 /* yosemite_objc_stubs.m */,
				05EEA0D91AB80D1C000C8B89 /* NSVisualEffectView.m */,
			);
			name = "Yosemite Bootstrap Compat";
			sourceTree = "<group>";
		};
/* End PBXGroup section */

/* Begin PBXHeadersBuildPhase section */
		05EEA0A01AB7B354000C8B89 /* Headers */ = {
			isa = PBXHeadersBuildPhase;
			buildActionMask = 2147483647;
			files = (
				05EEA0C41AB7BFEC000C8B89 /* dyld_priv.h in Headers */,
				05C258B41AB8A667007DD20C /* cfbundle_rebind.h in Headers */,
				05EEA0D71AB7F028000C8B89 /* yosemite_objc_stubs.h in Headers */,
				05EEA0D31AB7EBEB000C8B89 /* rebind_table.h in Headers */,
			);
			runOnlyForDeploymentPostprocessing = 0;
		};
/* End PBXHeadersBuildPhase section */

/* Begin PBXNativeTarget section */
		05B026411AB4E14C00F6BF2B /* XcodePostFacto */ = {
			isa = PBXNativeTarget;
			buildConfigurationList = 05B026491AB4E14C00F6BF2B /* Build configuration list for PBXNativeTarget "XcodePostFacto" */;
			buildPhases = (
				05B0263E1AB4E14C00F6BF2B /* Sources */,
				05B0263F1AB4E14C00F6BF2B /* Frameworks */,
				05B026401AB4E14C00F6BF2B /* Resources */,
				05B026B81AB4EAA600F6BF2B /* Copy Files */,
			);
			buildRules = (
			);
			dependencies = (
			);
			name = XcodePostFacto;
			productName = XcodePostFacto;
			productReference = 05B026421AB4E14C00F6BF2B /* XcodePostFacto.ideplugin */;
			productType = "com.apple.product-type.bundle";
		};
		05EEA08A1AB7AA22000C8B89 /* xpf-bootstrapTests */ = {
			isa = PBXNativeTarget;
			buildConfigurationList = 05EEA0951AB7AA22000C8B89 /* Build configuration list for PBXNativeTarget "xpf-bootstrapTests" */;
			buildPhases = (
				05EEA0871AB7AA22000C8B89 /* Sources */,
				05EEA0881AB7AA22000C8B89 /* Frameworks */,
				05EEA0891AB7AA22000C8B89 /* Resources */,
			);
			buildRules = (
			);
			dependencies = (
			);
			name = "xpf-bootstrapTests";
			productName = "xpf-bootstrapTests";
			productReference = 05EEA08B1AB7AA22000C8B89 /* xpf-bootstrapTests.xctest */;
			productType = "com.apple.product-type.bundle.unit-test";
		};
		05EEA0A21AB7B354000C8B89 /* xpf-bootstrap */ = {
			isa = PBXNativeTarget;
			buildConfigurationList = 05EEA0B61AB7B354000C8B89 /* Build configuration list for PBXNativeTarget "xpf-bootstrap" */;
			buildPhases = (
				05EEA09E1AB7B354000C8B89 /* Sources */,
				05EEA09F1AB7B354000C8B89 /* Frameworks */,
				05EEA0A01AB7B354000C8B89 /* Headers */,
				05EEA0A11AB7B354000C8B89 /* Resources */,
				05EEA0BE1AB7B3BA000C8B89 /* CopyFiles */,
				05C258AD1AB82013007DD20C /* CopyFiles */,
			);
			buildRules = (
			);
			dependencies = (
				05EEA0C11AB7B3D5000C8B89 /* PBXTargetDependency */,
			);
			name = "xpf-bootstrap";
			productName = "xpf-bootstrap";
			productReference = 05EEA0A31AB7B354000C8B89 /* xpf-bootstrap.framework */;
			productType = "com.apple.product-type.framework";
		};
/* End PBXNativeTarget section */

/* Begin PBXProject section */
		05B0263A1AB4E14C00F6BF2B /* Project object */ = {
			isa = PBXProject;
			attributes = {
				LastUpgradeCheck = 0620;
				ORGANIZATIONNAME = "Landon Fuller";
				TargetAttributes = {
					05B026411AB4E14C00F6BF2B = {
						CreatedOnToolsVersion = 6.2;
					};
					05EEA08A1AB7AA22000C8B89 = {
						CreatedOnToolsVersion = 6.2;
					};
					05EEA0A21AB7B354000C8B89 = {
						CreatedOnToolsVersion = 6.2;
					};
				};
			};
			buildConfigurationList = 05B0263D1AB4E14C00F6BF2B /* Build configuration list for PBXProject "XcodePostFacto" */;
			compatibilityVersion = "Xcode 3.2";
			developmentRegion = English;
			hasScannedForEncodings = 0;
			knownRegions = (
				en,
				Base,
			);
			mainGroup = 05B026391AB4E14C00F6BF2B;
			productRefGroup = 05B026431AB4E14C00F6BF2B /* Products */;
			projectDirPath = "";
			projectRoot = "";
			targets = (
				05B026411AB4E14C00F6BF2B /* XcodePostFacto */,
				05EEA08A1AB7AA22000C8B89 /* xpf-bootstrapTests */,
				05EEA0A21AB7B354000C8B89 /* xpf-bootstrap */,
			);
		};
/* End PBXProject section */

/* Begin PBXResourcesBuildPhase section */
		05B026401AB4E14C00F6BF2B /* Resources */ = {
			isa = PBXResourcesBuildPhase;
			buildActionMask = 2147483647;
			files = (
				05B0264D1AB4E17500F6BF2B /* XcodePostFacto.xcplugindata in Resources */,
			);
			runOnlyForDeploymentPostprocessing = 0;
		};
		05EEA0891AB7AA22000C8B89 /* Resources */ = {
			isa = PBXResourcesBuildPhase;
			buildActionMask = 2147483647;
			files = (
			);
			runOnlyForDeploymentPostprocessing = 0;
		};
		05EEA0A11AB7B354000C8B89 /* Resources */ = {
			isa = PBXResourcesBuildPhase;
			buildActionMask = 2147483647;
			files = (
			);
			runOnlyForDeploymentPostprocessing = 0;
		};
/* End PBXResourcesBuildPhase section */

/* Begin PBXSourcesBuildPhase section */
		05B0263E1AB4E14C00F6BF2B /* Sources */ = {
			isa = PBXSourcesBuildPhase;
			buildActionMask = 2147483647;
			files = (
				05CD7F911ABA849400169305 /* XPFViewController.m in Sources */,
				05B026BE1AB4F68300F6BF2B /* XcodePostFacto.m in Sources */,
				05B026501AB4E1D000F6BF2B /* XPFDebugMenu.m in Sources */,
			);
			runOnlyForDeploymentPostprocessing = 0;
		};
		05EEA0871AB7AA22000C8B89 /* Sources */ = {
			isa = PBXSourcesBuildPhase;
			buildActionMask = 2147483647;
			files = (
			);
			runOnlyForDeploymentPostprocessing = 0;
		};
		05EEA09E1AB7B354000C8B89 /* Sources */ = {
			isa = PBXSourcesBuildPhase;
			buildActionMask = 2147483647;
			files = (
				05EEA0DA1AB80D1C000C8B89 /* NSVisualEffectView.m in Sources */,
				05EEA0D21AB7EBEB000C8B89 /* rebind_table.cpp in Sources */,
				05C258B31AB8A667007DD20C /* cfbundle_rebind.cpp in Sources */,
				05EEA0BC1AB7B3A6000C8B89 /* xpf_bootstrap.mm in Sources */,
				05EEA0D61AB7F028000C8B89 /* yosemite_objc_stubs.m in Sources */,
			);
			runOnlyForDeploymentPostprocessing = 0;
		};
/* End PBXSourcesBuildPhase section */

/* Begin PBXTargetDependency section */
		05EEA0C11AB7B3D5000C8B89 /* PBXTargetDependency */ = {
			isa = PBXTargetDependency;
			target = 05B026411AB4E14C00F6BF2B /* XcodePostFacto */;
			targetProxy = 05EEA0C01AB7B3D5000C8B89 /* PBXContainerItemProxy */;
		};
/* End PBXTargetDependency section */

/* Begin XCBuildConfiguration section */
		05B026471AB4E14C00F6BF2B /* Debug */ = {
			isa = XCBuildConfiguration;
			buildSettings = {
				ALWAYS_SEARCH_USER_PATHS = NO;
				CLANG_CXX_LANGUAGE_STANDARD = "gnu++0x";
				CLANG_CXX_LIBRARY = "libc++";
				CLANG_ENABLE_MODULES = YES;
				CLANG_ENABLE_OBJC_ARC = NO;
				CLANG_WARN_BOOL_CONVERSION = YES;
				CLANG_WARN_CONSTANT_CONVERSION = YES;
				CLANG_WARN_DIRECT_OBJC_ISA_USAGE = YES_ERROR;
				CLANG_WARN_EMPTY_BODY = YES;
				CLANG_WARN_ENUM_CONVERSION = YES;
				CLANG_WARN_INT_CONVERSION = YES;
				CLANG_WARN_OBJC_ROOT_CLASS = YES_ERROR;
				CLANG_WARN_UNREACHABLE_CODE = YES;
				CLANG_WARN__DUPLICATE_METHOD_MATCH = YES;
				COPY_PHASE_STRIP = NO;
				ENABLE_STRICT_OBJC_MSGSEND = YES;
				GCC_C_LANGUAGE_STANDARD = gnu99;
				GCC_DYNAMIC_NO_PIC = NO;
				GCC_OPTIMIZATION_LEVEL = 0;
				GCC_PREPROCESSOR_DEFINITIONS = (
					"DEBUG=1",
					"$(inherited)",
				);
				GCC_SYMBOLS_PRIVATE_EXTERN = NO;
				GCC_WARN_64_TO_32_BIT_CONVERSION = YES;
				GCC_WARN_ABOUT_RETURN_TYPE = YES_ERROR;
				GCC_WARN_UNDECLARED_SELECTOR = YES;
				GCC_WARN_UNINITIALIZED_AUTOS = YES_AGGRESSIVE;
				GCC_WARN_UNUSED_FUNCTION = YES;
				GCC_WARN_UNUSED_VARIABLE = YES;
				MACOSX_DEPLOYMENT_TARGET = 10.9;
				MTL_ENABLE_DEBUG_INFO = YES;
				ONLY_ACTIVE_ARCH = YES;
				SDKROOT = macosx;
				WARNING_CFLAGS = (
					"-Wall",
					"-Wextra",
					"-Werror",
					"-Wno-unused-parameter",
					"-Wno-undeclared-selector",
				);
			};
			name = Debug;
		};
		05B026481AB4E14C00F6BF2B /* Release */ = {
			isa = XCBuildConfiguration;
			buildSettings = {
				ALWAYS_SEARCH_USER_PATHS = NO;
				CLANG_CXX_LANGUAGE_STANDARD = "gnu++0x";
				CLANG_CXX_LIBRARY = "libc++";
				CLANG_ENABLE_MODULES = YES;
				CLANG_ENABLE_OBJC_ARC = NO;
				CLANG_WARN_BOOL_CONVERSION = YES;
				CLANG_WARN_CONSTANT_CONVERSION = YES;
				CLANG_WARN_DIRECT_OBJC_ISA_USAGE = YES_ERROR;
				CLANG_WARN_EMPTY_BODY = YES;
				CLANG_WARN_ENUM_CONVERSION = YES;
				CLANG_WARN_INT_CONVERSION = YES;
				CLANG_WARN_OBJC_ROOT_CLASS = YES_ERROR;
				CLANG_WARN_UNREACHABLE_CODE = YES;
				CLANG_WARN__DUPLICATE_METHOD_MATCH = YES;
				COPY_PHASE_STRIP = NO;
				DEBUG_INFORMATION_FORMAT = "dwarf-with-dsym";
				ENABLE_NS_ASSERTIONS = NO;
				ENABLE_STRICT_OBJC_MSGSEND = YES;
				GCC_C_LANGUAGE_STANDARD = gnu99;
				GCC_WARN_64_TO_32_BIT_CONVERSION = YES;
				GCC_WARN_ABOUT_RETURN_TYPE = YES_ERROR;
				GCC_WARN_UNDECLARED_SELECTOR = YES;
				GCC_WARN_UNINITIALIZED_AUTOS = YES_AGGRESSIVE;
				GCC_WARN_UNUSED_FUNCTION = YES;
				GCC_WARN_UNUSED_VARIABLE = YES;
				MACOSX_DEPLOYMENT_TARGET = 10.9;
				MTL_ENABLE_DEBUG_INFO = NO;
				SDKROOT = macosx;
				WARNING_CFLAGS = (
					"-Wall",
					"-Wextra",
					"-Werror",
					"-Wno-unused-parameter",
					"-Wno-undeclared-selector",
				);
			};
			name = Release;
		};
		05B0264A1AB4E14C00F6BF2B /* Debug */ = {
			isa = XCBuildConfiguration;
			buildSettings = {
				COMBINE_HIDPI_IMAGES = YES;
				FRAMEWORK_SEARCH_PATHS = (
					"$(inherited)",
					"$(PROJECT_DIR)/Dependencies",
				);
				INFOPLIST_FILE = XcodePostFacto/Info.plist;
				INSTALL_PATH = "$(HOME)/Library/Developer/Xcode/Plug-ins";
				LD_RUNPATH_SEARCH_PATHS = "@loader_path/../Frameworks @loader_path/../../Frameworks @executable_path/../SharedFrameworks @executable_path/../Frameworks @executable_path/../OtherFrameworks";
				PRODUCT_NAME = "$(TARGET_NAME)";
				SKIP_INSTALL = YES;
				WRAPPER_EXTENSION = ideplugin;
			};
			name = Debug;
		};
		05B0264B1AB4E14C00F6BF2B /* Release */ = {
			isa = XCBuildConfiguration;
			buildSettings = {
				COMBINE_HIDPI_IMAGES = YES;
				FRAMEWORK_SEARCH_PATHS = (
					"$(inherited)",
					"$(PROJECT_DIR)/Dependencies",
				);
				INFOPLIST_FILE = XcodePostFacto/Info.plist;
				INSTALL_PATH = "$(HOME)/Library/Developer/Xcode/Plug-ins";
				LD_RUNPATH_SEARCH_PATHS = "@loader_path/../Frameworks @loader_path/../../Frameworks @executable_path/../SharedFrameworks @executable_path/../Frameworks @executable_path/../OtherFrameworks";
				PRODUCT_NAME = "$(TARGET_NAME)";
				SKIP_INSTALL = YES;
				WRAPPER_EXTENSION = ideplugin;
			};
			name = Release;
		};
		05EEA0961AB7AA22000C8B89 /* Debug */ = {
			isa = XCBuildConfiguration;
			buildSettings = {
				COMBINE_HIDPI_IMAGES = YES;
				FRAMEWORK_SEARCH_PATHS = (
					"$(DEVELOPER_FRAMEWORKS_DIR)",
					"$(inherited)",
				);
				GCC_PREPROCESSOR_DEFINITIONS = (
					"DEBUG=1",
					"$(inherited)",
				);
				INFOPLIST_FILE = "xpf-bootstrapTests/Info.plist";
				LD_RUNPATH_SEARCH_PATHS = "$(inherited) @executable_path/../Frameworks @loader_path/../Frameworks";
				PRODUCT_NAME = "$(TARGET_NAME)";
			};
			name = Debug;
		};
		05EEA0971AB7AA22000C8B89 /* Release */ = {
			isa = XCBuildConfiguration;
			buildSettings = {
				COMBINE_HIDPI_IMAGES = YES;
				FRAMEWORK_SEARCH_PATHS = (
					"$(DEVELOPER_FRAMEWORKS_DIR)",
					"$(inherited)",
				);
				INFOPLIST_FILE = "xpf-bootstrapTests/Info.plist";
				LD_RUNPATH_SEARCH_PATHS = "$(inherited) @executable_path/../Frameworks @loader_path/../Frameworks";
				PRODUCT_NAME = "$(TARGET_NAME)";
			};
			name = Release;
		};
		05EEA0B71AB7B354000C8B89 /* Debug */ = {
			isa = XCBuildConfiguration;
			buildSettings = {
				COMBINE_HIDPI_IMAGES = YES;
				CURRENT_PROJECT_VERSION = 1;
				DYLIB_COMPATIBILITY_VERSION = 1;
				DYLIB_CURRENT_VERSION = 1;
				DYLIB_INSTALL_NAME_BASE = "@rpath";
				FRAMEWORK_SEARCH_PATHS = (
					"$(inherited)",
					"$(PROJECT_DIR)/Dependencies",
				);
				FRAMEWORK_VERSION = A;
				GCC_PREPROCESSOR_DEFINITIONS = (
					"DEBUG=1",
					"$(inherited)",
				);
				INFOPLIST_FILE = "xpf-bootstrap/Info.plist";
				INSTALL_PATH = "$(LOCAL_LIBRARY_DIR)/Frameworks";
				LD_RUNPATH_SEARCH_PATHS = "$(inherited) @executable_path/../Frameworks @loader_path/Frameworks";
				OTHER_LDFLAGS = (
					"$(inherited)",
					"-framework",
					AppKit,
				);
				PRODUCT_NAME = "$(TARGET_NAME)";
				SKIP_INSTALL = YES;
				VERSIONING_SYSTEM = "apple-generic";
				VERSION_INFO_PREFIX = "";
			};
			name = Debug;
		};
		05EEA0B81AB7B354000C8B89 /* Release */ = {
			isa = XCBuildConfiguration;
			buildSettings = {
				COMBINE_HIDPI_IMAGES = YES;
				CURRENT_PROJECT_VERSION = 1;
				DYLIB_COMPATIBILITY_VERSION = 1;
				DYLIB_CURRENT_VERSION = 1;
				DYLIB_INSTALL_NAME_BASE = "@rpath";
				FRAMEWORK_SEARCH_PATHS = (
					"$(inherited)",
					"$(PROJECT_DIR)/Dependencies",
				);
				FRAMEWORK_VERSION = A;
				INFOPLIST_FILE = "xpf-bootstrap/Info.plist";
				INSTALL_PATH = "$(LOCAL_LIBRARY_DIR)/Frameworks";
				LD_RUNPATH_SEARCH_PATHS = "$(inherited) @executable_path/../Frameworks @loader_path/Frameworks";
				OTHER_LDFLAGS = (
					"$(inherited)",
					"-framework",
					AppKit,
				);
				PRODUCT_NAME = "$(TARGET_NAME)";
				SKIP_INSTALL = YES;
				VERSIONING_SYSTEM = "apple-generic";
				VERSION_INFO_PREFIX = "";
			};
			name = Release;
		};
/* End XCBuildConfiguration section */

/* Begin XCConfigurationList section */
		05B0263D1AB4E14C00F6BF2B /* Build configuration list for PBXProject "XcodePostFacto" */ = {
			isa = XCConfigurationList;
			buildConfigurations = (
				05B026471AB4E14C00F6BF2B /* Debug */,
				05B026481AB4E14C00F6BF2B /* Release */,
			);
			defaultConfigurationIsVisible = 0;
			defaultConfigurationName = Release;
		};
		05B026491AB4E14C00F6BF2B /* Build configuration list for PBXNativeTarget "XcodePostFacto" */ = {
			isa = XCConfigurationList;
			buildConfigurations = (
				05B0264A1AB4E14C00F6BF2B /* Debug */,
				05B0264B1AB4E14C00F6BF2B /* Release */,
			);
			defaultConfigurationIsVisible = 0;
			defaultConfigurationName = Release;
		};
		05EEA0951AB7AA22000C8B89 /* Build configuration list for PBXNativeTarget "xpf-bootstrapTests" */ = {
			isa = XCConfigurationList;
			buildConfigurations = (
				05EEA0961AB7AA22000C8B89 /* Debug */,
				05EEA0971AB7AA22000C8B89 /* Release */,
			);
			defaultConfigurationIsVisible = 0;
			defaultConfigurationName = Release;
		};
		05EEA0B61AB7B354000C8B89 /* Build configuration list for PBXNativeTarget "xpf-bootstrap" */ = {
			isa = XCConfigurationList;
			buildConfigurations = (
				05EEA0B71AB7B354000C8B89 /* Debug */,
				05EEA0B81AB7B354000C8B89 /* Release */,
			);
			defaultConfigurationIsVisible = 0;
			defaultConfigurationName = Release;
		};
/* End XCConfigurationList section */
	};
	rootObject = 05B0263A1AB4E14C00F6BF2B /* Project object */;
}
